
Microsoft Visual Studio Solution File, Format Version 12.00
# Visual Studio Version 17
VisualStudioVersion = 17.7.34003.232
MinimumVisualStudioVersion = 10.0.40219.1
Project("{8BC9CEB8-8B4A-11D0-8D11-00A0C91BC942}") = "ClassWork39", "ClassWork39.vcxproj", "{627753F0-9F05-4A1C-8F09-65F3CE0FBCE4}"
EndProject
Global
	GlobalSection(SolutionConfigurationPlatforms) = preSolution
		Debug|x64 = Debug|x64
		Debug|x86 = Debug|x86
		Release|x64 = Release|x64
		Release|x86 = Release|x86
	EndGlobalSection
	GlobalSection(ProjectConfigurationPlatforms) = postSolution
		{627753F0-9F05-4A1C-8F09-65F3CE0FBCE4}.Debug|x64.ActiveCfg = Debug|x64
		{627753F0-9F05-4A1C-8F09-65F3CE0FBCE4}.Debug|x64.Build.0 = Debug|x64
		{627753F0-9F05-4A1C-8F09-65F3CE0FBCE4}.Debug|x86.ActiveCfg = Debug|Win32
		{627753F0-9F05-4A1C-8F09-65F3CE0FBCE4}.Debug|x86.Build.0 = Debug|Win32
		{627753F0-9F05-4A1C-8F09-65F3CE0FBCE4}.Release|x64.ActiveCfg = Release|x64
		{627753F0-9F05-4A1C-8F09-65F3CE0FBCE4}.Release|x64.Build.0 = Release|x64
		{627753F0-9F05-4A1C-8F09-65F3CE0FBCE4}.Release|x86.ActiveCfg = Release|Win32
		{627753F0-9F05-4A1C-8F09-65F3CE0FBCE4}.Release|x86.Build.0 = Release|Win32
	EndGlobalSection
	GlobalSection(SolutionProperties) = preSolution
		HideSolutionNode = FALSE
	EndGlobalSection
	GlobalSection(ExtensibilityGlobals) = postSolution
		SolutionGuid = {40850747-9B47-4BB5-97EC-DB7558D669A5}
	EndGlobalSection
EndGlobal
